// !$*UTF8*$!
{
	archiveVersion = 1;
	classes = {
	};
	objectVersion = 55;
	objects = {

/* Begin PBXBuildFile section */
		091341ED288B93E00093029B /* EmojiSet.swift in Sources */ = {isa = PBXBuildFile; fileRef = 091341EC288B93E00093029B /* EmojiSet.swift */; };
		CDCC5C8A288B992D00CDC1A9 /* CollisionSurface.swift in Sources */ = {isa = PBXBuildFile; fileRef = CDCC5C89288B992D00CDC1A9 /* CollisionSurface.swift */; };
		CDF702AB288B83A00016E63F /* boinkboinkdoinkApp.swift in Sources */ = {isa = PBXBuildFile; fileRef = CDF702AA288B83A00016E63F /* boinkboinkdoinkApp.swift */; };
		CDF702AD288B83A00016E63F /* ContentView.swift in Sources */ = {isa = PBXBuildFile; fileRef = CDF702AC288B83A00016E63F /* ContentView.swift */; };
		CDF702AF288B83A40016E63F /* Assets.xcassets in Resources */ = {isa = PBXBuildFile; fileRef = CDF702AE288B83A40016E63F /* Assets.xcassets */; };
		CDF702B2288B83A40016E63F /* Preview Assets.xcassets in Resources */ = {isa = PBXBuildFile; fileRef = CDF702B1288B83A40016E63F /* Preview Assets.xcassets */; };
		D9A9EB2E288B959A004563DF /* EmojiView.swift in Sources */ = {isa = PBXBuildFile; fileRef = D9A9EB2D288B959A004563DF /* EmojiView.swift */; };
		D9A9EB30288B9764004563DF /* BouncyView.swift in Sources */ = {isa = PBXBuildFile; fileRef = D9A9EB2F288B9764004563DF /* BouncyView.swift */; };
/* End PBXBuildFile section */

/* Begin PBXFileReference section */
		091341EC288B93E00093029B /* EmojiSet.swift */ = {isa = PBXFileReference; lastKnownFileType = sourcecode.swift; path = EmojiSet.swift; sourceTree = "<group>"; };
		CDCC5C89288B992D00CDC1A9 /* CollisionSurface.swift */ = {isa = PBXFileReference; lastKnownFileType = sourcecode.swift; path = CollisionSurface.swift; sourceTree = "<group>"; };
		CDF702A7288B83A00016E63F /* boinkboinkdoink.app */ = {isa = PBXFileReference; explicitFileType = wrapper.application; includeInIndex = 0; path = boinkboinkdoink.app; sourceTree = BUILT_PRODUCTS_DIR; };
		CDF702AA288B83A00016E63F /* boinkboinkdoinkApp.swift */ = {isa = PBXFileReference; lastKnownFileType = sourcecode.swift; path = boinkboinkdoinkApp.swift; sourceTree = "<group>"; };
		CDF702AC288B83A00016E63F /* ContentView.swift */ = {isa = PBXFileReference; lastKnownFileType = sourcecode.swift; path = ContentView.swift; sourceTree = "<group>"; };
		CDF702AE288B83A40016E63F /* Assets.xcassets */ = {isa = PBXFileReference; lastKnownFileType = folder.assetcatalog; path = Assets.xcassets; sourceTree = "<group>"; };
		CDF702B1288B83A40016E63F /* Preview Assets.xcassets */ = {isa = PBXFileReference; lastKnownFileType = folder.assetcatalog; path = "Preview Assets.xcassets"; sourceTree = "<group>"; };
		D9A9EB2D288B959A004563DF /* EmojiView.swift */ = {isa = PBXFileReference; lastKnownFileType = sourcecode.swift; path = EmojiView.swift; sourceTree = "<group>"; };
		D9A9EB2F288B9764004563DF /* BouncyView.swift */ = {isa = PBXFileReference; lastKnownFileType = sourcecode.swift; path = BouncyView.swift; sourceTree = "<group>"; };
/* End PBXFileReference section */

/* Begin PBXFrameworksBuildPhase section */
		CDF702A4288B83A00016E63F /* Frameworks */ = {
			isa = PBXFrameworksBuildPhase;
			buildActionMask = 2147483647;
			files = (
			);
			runOnlyForDeploymentPostprocessing = 0;
		};
/* End PBXFrameworksBuildPhase section */

/* Begin PBXGroup section */
		CDF7029E288B83A00016E63F = {
			isa = PBXGroup;
			children = (
				CDF702A9288B83A00016E63F /* boinkboinkdoink */,
				CDF702A8288B83A00016E63F /* Products */,
			);
			sourceTree = "<group>";
		};
		CDF702A8288B83A00016E63F /* Products */ = {
			isa = PBXGroup;
			children = (
				CDF702A7288B83A00016E63F /* boinkboinkdoink.app */,
			);
			name = Products;
			sourceTree = "<group>";
		};
		CDF702A9288B83A00016E63F /* boinkboinkdoink */ = {
			isa = PBXGroup;
			children = (
				CDF702AA288B83A00016E63F /* boinkboinkdoinkApp.swift */,
				CDCC5C89288B992D00CDC1A9 /* CollisionSurface.swift */,
				CDF702AC288B83A00016E63F /* ContentView.swift */,
				091341EC288B93E00093029B /* EmojiSet.swift */,
				D9A9EB2D288B959A004563DF /* EmojiView.swift */,
				D9A9EB2F288B9764004563DF /* BouncyView.swift */,
				CDF702AE288B83A40016E63F /* Assets.xcassets */,
				CDF702B0288B83A40016E63F /* Preview Content */,
			);
			path = boinkboinkdoink;
			sourceTree = "<group>";
		};
		CDF702B0288B83A40016E63F /* Preview Content */ = {
			isa = PBXGroup;
			children = (
				CDF702B1288B83A40016E63F /* Preview Assets.xcassets */,
			);
			path = "Preview Content";
			sourceTree = "<group>";
		};
/* End PBXGroup section */

/* Begin PBXNativeTarget section */
		CDF702A6288B83A00016E63F /* boinkboinkdoink */ = {
			isa = PBXNativeTarget;
			buildConfigurationList = CDF702B5288B83A40016E63F /* Build configuration list for PBXNativeTarget "boinkboinkdoink" */;
			buildPhases = (
				CDF702A3288B83A00016E63F /* Sources */,
				CDF702A4288B83A00016E63F /* Frameworks */,
				CDF702A5288B83A00016E63F /* Resources */,
			);
			buildRules = (
			);
			dependencies = (
			);
			name = boinkboinkdoink;
			productName = boinkboinkdoink;
			productReference = CDF702A7288B83A00016E63F /* boinkboinkdoink.app */;
			productType = "com.apple.product-type.application";
		};
/* End PBXNativeTarget section */

/* Begin PBXProject section */
		CDF7029F288B83A00016E63F /* Project object */ = {
			isa = PBXProject;
			attributes = {
				BuildIndependentTargetsInParallel = 1;
				LastSwiftUpdateCheck = 1330;
				LastUpgradeCheck = 1330;
				TargetAttributes = {
					CDF702A6288B83A00016E63F = {
						CreatedOnToolsVersion = 13.3.1;
					};
				};
			};
			buildConfigurationList = CDF702A2288B83A00016E63F /* Build configuration list for PBXProject "boinkboinkdoink" */;
			compatibilityVersion = "Xcode 13.0";
			developmentRegion = en;
			hasScannedForEncodings = 0;
			knownRegions = (
				en,
				Base,
			);
			mainGroup = CDF7029E288B83A00016E63F;
			productRefGroup = CDF702A8288B83A00016E63F /* Products */;
			projectDirPath = "";
			projectRoot = "";
			targets = (
				CDF702A6288B83A00016E63F /* boinkboinkdoink */,
			);
		};
/* End PBXProject section */

/* Begin PBXResourcesBuildPhase section */
		CDF702A5288B83A00016E63F /* Resources */ = {
			isa = PBXResourcesBuildPhase;
			buildActionMask = 2147483647;
			files = (
				CDF702B2288B83A40016E63F /* Preview Assets.xcassets in Resources */,
				CDF702AF288B83A40016E63F /* Assets.xcassets in Resources */,
			);
			runOnlyForDeploymentPostprocessing = 0;
		};
/* End PBXResourcesBuildPhase section */

/* Begin PBXSourcesBuildPhase section */
		CDF702A3288B83A00016E63F /* Sources */ = {
			isa = PBXSourcesBuildPhase;
			buildActionMask = 2147483647;
			files = (
				091341ED288B93E00093029B /* EmojiSet.swift in Sources */,
				D9A9EB2E288B959A004563DF /* EmojiView.swift in Sources */,
				CDF702AD288B83A00016E63F /* ContentView.swift in Sources */,
				D9A9EB30288B9764004563DF /* BouncyView.swift in Sources */,
				CDCC5C8A288B992D00CDC1A9 /* CollisionSurface.swift in Sources */,
				CDF702AB288B83A00016E63F /* boinkboinkdoinkApp.swift in Sources */,
			);
			runOnlyForDeploymentPostprocessing = 0;
		};
/* End PBXSourcesBuildPhase section */

/* Begin XCBuildConfiguration section */
		CDF702B3288B83A40016E63F /* Debug */ = {
			isa = XCBuildConfiguration;
			buildSettings = {
				ALWAYS_SEARCH_USER_PATHS = NO;
				CLANG_ANALYZER_NONNULL = YES;
				CLANG_ANALYZER_NUMBER_OBJECT_CONVERSION = YES_AGGRESSIVE;
				CLANG_CXX_LANGUAGE_STANDARD = "gnu++17";
				CLANG_ENABLE_MODULES = YES;
				CLANG_ENABLE_OBJC_ARC = YES;
				CLANG_ENABLE_OBJC_WEAK = YES;
				CLANG_WARN_BLOCK_CAPTURE_AUTORELEASING = YES;
				CLANG_WARN_BOOL_CONVERSION = YES;
				CLANG_WARN_COMMA = YES;
				CLANG_WARN_CONSTANT_CONVERSION = YES;
				CLANG_WARN_DEPRECATED_OBJC_IMPLEMENTATIONS = YES;
				CLANG_WARN_DIRECT_OBJC_ISA_USAGE = YES_ERROR;
				CLANG_WARN_DOCUMENTATION_COMMENTS = YES;
				CLANG_WARN_EMPTY_BODY = YES;
				CLANG_WARN_ENUM_CONVERSION = YES;
				CLANG_WARN_INFINITE_RECURSION = YES;
				CLANG_WARN_INT_CONVERSION = YES;
				CLANG_WARN_NON_LITERAL_NULL_CONVERSION = YES;
				CLANG_WARN_OBJC_IMPLICIT_RETAIN_SELF = YES;
				CLANG_WARN_OBJC_LITERAL_CONVERSION = YES;
				CLANG_WARN_OBJC_ROOT_CLASS = YES_ERROR;
				CLANG_WARN_QUOTED_INCLUDE_IN_FRAMEWORK_HEADER = YES;
				CLANG_WARN_RANGE_LOOP_ANALYSIS = YES;
				CLANG_WARN_STRICT_PROTOTYPES = YES;
				CLANG_WARN_SUSPICIOUS_MOVE = YES;
				CLANG_WARN_UNGUARDED_AVAILABILITY = YES_AGGRESSIVE;
				CLANG_WARN_UNREACHABLE_CODE = YES;
				CLANG_WARN__DUPLICATE_METHOD_MATCH = YES;
				COPY_PHASE_STRIP = NO;
				DEBUG_INFORMATION_FORMAT = dwarf;
				ENABLE_STRICT_OBJC_MSGSEND = YES;
				ENABLE_TESTABILITY = YES;
				GCC_C_LANGUAGE_STANDARD = gnu11;
				GCC_DYNAMIC_NO_PIC = NO;
				GCC_NO_COMMON_BLOCKS = YES;
				GCC_OPTIMIZATION_LEVEL = 0;
				GCC_PREPROCESSOR_DEFINITIONS = (
					"DEBUG=1",
					"$(inherited)",
				);
				GCC_WARN_64_TO_32_BIT_CONVERSION = YES;
				GCC_WARN_ABOUT_RETURN_TYPE = YES_ERROR;
				GCC_WARN_UNDECLARED_SELECTOR = YES;
				GCC_WARN_UNINITIALIZED_AUTOS = YES_AGGRESSIVE;
				GCC_WARN_UNUSED_FUNCTION = YES;
				GCC_WARN_UNUSED_VARIABLE = YES;
				IPHONEOS_DEPLOYMENT_TARGET = 15.4;
				MTL_ENABLE_DEBUG_INFO = INCLUDE_SOURCE;
				MTL_FAST_MATH = YES;
				ONLY_ACTIVE_ARCH = YES;
				SDKROOT = iphoneos;
				SWIFT_ACTIVE_COMPILATION_CONDITIONS = DEBUG;
				SWIFT_OPTIMIZATION_LEVEL = "-Onone";
			};
			name = Debug;
		};
		CDF702B4288B83A40016E63F /* Release */ = {
			isa = XCBuildConfiguration;
			buildSettings = {
				ALWAYS_SEARCH_USER_PATHS = NO;
				CLANG_ANALYZER_NONNULL = YES;
				CLANG_ANALYZER_NUMBER_OBJECT_CONVERSION = YES_AGGRESSIVE;
				CLANG_CXX_LANGUAGE_STANDARD = "gnu++17";
				CLANG_ENABLE_MODULES = YES;
				CLANG_ENABLE_OBJC_ARC = YES;
				CLANG_ENABLE_OBJC_WEAK = YES;
				CLANG_WARN_BLOCK_CAPTURE_AUTORELEASING = YES;
				CLANG_WARN_BOOL_CONVERSION = YES;
				CLANG_WARN_COMMA = YES;
				CLANG_WARN_CONSTANT_CONVERSION = YES;
				CLANG_WARN_DEPRECATED_OBJC_IMPLEMENTATIONS = YES;
				CLANG_WARN_DIRECT_OBJC_ISA_USAGE = YES_ERROR;
				CLANG_WARN_DOCUMENTATION_COMMENTS = YES;
				CLANG_WARN_EMPTY_BODY = YES;
				CLANG_WARN_ENUM_CONVERSION = YES;
				CLANG_WARN_INFINITE_RECURSION = YES;
				CLANG_WARN_INT_CONVERSION = YES;
				CLANG_WARN_NON_LITERAL_NULL_CONVERSION = YES;
				CLANG_WARN_OBJC_IMPLICIT_RETAIN_SELF = YES;
				CLANG_WARN_OBJC_LITERAL_CONVERSION = YES;
				CLANG_WARN_OBJC_ROOT_CLASS = YES_ERROR;
				CLANG_WARN_QUOTED_INCLUDE_IN_FRAMEWORK_HEADER = YES;
				CLANG_WARN_RANGE_LOOP_ANALYSIS = YES;
				CLANG_WARN_STRICT_PROTOTYPES = YES;
				CLANG_WARN_SUSPICIOUS_MOVE = YES;
				CLANG_WARN_UNGUARDED_AVAILABILITY = YES_AGGRESSIVE;
				CLANG_WARN_UNREACHABLE_CODE = YES;
				CLANG_WARN__DUPLICATE_METHOD_MATCH = YES;
				COPY_PHASE_STRIP = NO;
				DEBUG_INFORMATION_FORMAT = "dwarf-with-dsym";
				ENABLE_NS_ASSERTIONS = NO;
				ENABLE_STRICT_OBJC_MSGSEND = YES;
				GCC_C_LANGUAGE_STANDARD = gnu11;
				GCC_NO_COMMON_BLOCKS = YES;
				GCC_WARN_64_TO_32_BIT_CONVERSION = YES;
				GCC_WARN_ABOUT_RETURN_TYPE = YES_ERROR;
				GCC_WARN_UNDECLARED_SELECTOR = YES;
				GCC_WARN_UNINITIALIZED_AUTOS = YES_AGGRESSIVE;
				GCC_WARN_UNUSED_FUNCTION = YES;
				GCC_WARN_UNUSED_VARIABLE = YES;
				IPHONEOS_DEPLOYMENT_TARGET = 15.4;
				MTL_ENABLE_DEBUG_INFO = NO;
				MTL_FAST_MATH = YES;
				SDKROOT = iphoneos;
				SWIFT_COMPILATION_MODE = wholemodule;
				SWIFT_OPTIMIZATION_LEVEL = "-O";
				VALIDATE_PRODUCT = YES;
			};
			name = Release;
		};
		CDF702B6288B83A40016E63F /* Debug */ = {
			isa = XCBuildConfiguration;
			buildSettings = {
				ASSETCATALOG_COMPILER_APPICON_NAME = AppIcon;
				ASSETCATALOG_COMPILER_GLOBAL_ACCENT_COLOR_NAME = AccentColor;
				CODE_SIGN_STYLE = Automatic;
				CURRENT_PROJECT_VERSION = 1;
				DEVELOPMENT_ASSET_PATHS = "\"boinkboinkdoink/Preview Content\"";
				DEVELOPMENT_TEAM = AL5TNX5F38;
				ENABLE_PREVIEWS = YES;
				GENERATE_INFOPLIST_FILE = YES;
				INFOPLIST_KEY_UIApplicationSceneManifest_Generation = YES;
				INFOPLIST_KEY_UIApplicationSupportsIndirectInputEvents = YES;
				INFOPLIST_KEY_UILaunchScreen_Generation = YES;
				INFOPLIST_KEY_UISupportedInterfaceOrientations_iPad = "UIInterfaceOrientationPortrait UIInterfaceOrientationPortraitUpsideDown UIInterfaceOrientationLandscapeLeft UIInterfaceOrientationLandscapeRight";
				INFOPLIST_KEY_UISupportedInterfaceOrientations_iPhone = "UIInterfaceOrientationPortrait UIInterfaceOrientationLandscapeLeft UIInterfaceOrientationLandscapeRight";
				LD_RUNPATH_SEARCH_PATHS = (
					"$(inherited)",
					"@executable_path/Frameworks",
				);
				MARKETING_VERSION = 1.0;
				PRODUCT_BUNDLE_IDENTIFIER = sg.tk.boinkboinkdoink;
				PRODUCT_NAME = "$(TARGET_NAME)";
				SWIFT_EMIT_LOC_STRINGS = YES;
				SWIFT_VERSION = 5.0;
				TARGETED_DEVICE_FAMILY = "1,2";
			};
			name = Debug;
		};
		CDF702B7288B83A40016E63F /* Release */ = {
			isa = XCBuildConfiguration;
			buildSettings = {
				ASSETCATALOG_COMPILER_APPICON_NAME = AppIcon;
				ASSETCATALOG_COMPILER_GLOBAL_ACCENT_COLOR_NAME = AccentColor;
				CODE_SIGN_STYLE = Automatic;
				CURRENT_PROJECT_VERSION = 1;
				DEVELOPMENT_ASSET_PATHS = "\"boinkboinkdoink/Preview Content\"";
				DEVELOPMENT_TEAM = AL5TNX5F38;
				ENABLE_PREVIEWS = YES;
				GENERATE_INFOPLIST_FILE = YES;
				INFOPLIST_KEY_UIApplicationSceneManifest_Generation = YES;
				INFOPLIST_KEY_UIApplicationSupportsIndirectInputEvents = YES;
				INFOPLIST_KEY_UILaunchScreen_Generation = YES;
				INFOPLIST_KEY_UISupportedInterfaceOrientations_iPad = "UIInterfaceOrientationPortrait UIInterfaceOrientationPortraitUpsideDown UIInterfaceOrientationLandscapeLeft UIInterfaceOrientationLandscapeRight";
				INFOPLIST_KEY_UISupportedInterfaceOrientations_iPhone = "UIInterfaceOrientationPortrait UIInterfaceOrientationLandscapeLeft UIInterfaceOrientationLandscapeRight";
				LD_RUNPATH_SEARCH_PATHS = (
					"$(inherited)",
					"@executable_path/Frameworks",
				);
				MARKETING_VERSION = 1.0;
				PRODUCT_BUNDLE_IDENTIFIER = sg.tk.boinkboinkdoink;
				PRODUCT_NAME = "$(TARGET_NAME)";
				SWIFT_EMIT_LOC_STRINGS = YES;
				SWIFT_VERSION = 5.0;
				TARGETED_DEVICE_FAMILY = "1,2";
			};
			name = Release;
		};
/* End XCBuildConfiguration section */

/* Begin XCConfigurationList section */
		CDF702A2288B83A00016E63F /* Build configuration list for PBXProject "boinkboinkdoink" */ = {
			isa = XCConfigurationList;
			buildConfigurations = (
				CDF702B3288B83A40016E63F /* Debug */,
				CDF702B4288B83A40016E63F /* Release */,
			);
			defaultConfigurationIsVisible = 0;
			defaultConfigurationName = Release;
		};
		CDF702B5288B83A40016E63F /* Build configuration list for PBXNativeTarget "boinkboinkdoink" */ = {
			isa = XCConfigurationList;
			buildConfigurations = (
				CDF702B6288B83A40016E63F /* Debug */,
				CDF702B7288B83A40016E63F /* Release */,
			);
			defaultConfigurationIsVisible = 0;
			defaultConfigurationName = Release;
		};
/* End XCConfigurationList section */
	};
	rootObject = CDF7029F288B83A00016E63F /* Project object */;
}
